
Microsoft Visual Studio Solution File, Format Version 12.00
# Visual Studio Version 17
VisualStudioVersion = 17.13.35818.85
MinimumVisualStudioVersion = 10.0.40219.1
Project("{FAE04EC0-301F-11D3-BF4B-00C04F79EFBC}") = "Application", "Application\Application.csproj", "{93C57DF8-E229-46BB-BE79-313463A2452E}"
EndProject
Project("{FAE04EC0-301F-11D3-BF4B-00C04F79EFBC}") = "Domain", "Domain\Domain.csproj", "{C90285E7-B6A9-4100-9D9A-51D0023765E0}"
EndProject
Project("{FAE04EC0-301F-11D3-BF4B-00C04F79EFBC}") = "Infrastructure", "Infrastructure\Infrastructure.csproj", "{F08A48B1-BD8E-467C-9583-24F0226EA56A}"
EndProject
Project("{FAE04EC0-301F-11D3-BF4B-00C04F79EFBC}") = "VehicleApi", "WebApi\VehicleApi.csproj", "{0460A937-0812-41CD-BAC4-CCF12F9B77DF}"
EndProject
Project("{FAE04EC0-301F-11D3-BF4B-00C04F79EFBC}") = "BookingApi", "BookingApi\BookingApi.csproj", "{CE8F2E52-A01D-4079-88C7-8A6D401AA97D}"
EndProject
Project("{2150E333-8FDC-42A3-9474-1A3956D46DE8}") = "Apis", "Apis", "{02EA681E-C7D8-13C7-8484-4AC65E1B71E8}"
EndProject
Project("{2150E333-8FDC-42A3-9474-1A3956D46DE8}") = "UnitTests", "UnitTests", "{102358F2-331A-4E54-8D15-E937498C3CA1}"
EndProject
Project("{FAE04EC0-301F-11D3-BF4B-00C04F79EFBC}") = "VehiclesApi-Tests", "VehiclesApi-Tests\VehiclesApi-Tests.csproj", "{34DB1DB5-E81D-460F-980B-772445F7081B}"
EndProject
Project("{FAE04EC0-301F-11D3-BF4B-00C04F79EFBC}") = "BookingApi-Tests", "BookingApi-Tests\BookingApi-Tests.csproj", "{0E740F25-A9F1-4D75-9F94-8662BE414EC3}"
EndProject
Project("{2150E333-8FDC-42A3-9474-1A3956D46DE8}") = "Worker", "Worker", "{E76F5201-0875-4924-BB9C-3CE3735C9EF7}"
EndProject
Project("{FAE04EC0-301F-11D3-BF4B-00C04F79EFBC}") = "RentaFacilWorker", "RentaFacilWorker\RentaFacilWorker.csproj", "{AA91AF56-51C2-4842-9F0A-B8E6863569F2}"
EndProject
Global
	GlobalSection(SolutionConfigurationPlatforms) = preSolution
		Debug|Any CPU = Debug|Any CPU
		Release|Any CPU = Release|Any CPU
	EndGlobalSection
	GlobalSection(ProjectConfigurationPlatforms) = postSolution
		{93C57DF8-E229-46BB-BE79-313463A2452E}.Debug|Any CPU.ActiveCfg = Debug|Any CPU
		{93C57DF8-E229-46BB-BE79-313463A2452E}.Debug|Any CPU.Build.0 = Debug|Any CPU
		{93C57DF8-E229-46BB-BE79-313463A2452E}.Release|Any CPU.ActiveCfg = Release|Any CPU
		{93C57DF8-E229-46BB-BE79-313463A2452E}.Release|Any CPU.Build.0 = Release|Any CPU
		{C90285E7-B6A9-4100-9D9A-51D0023765E0}.Debug|Any CPU.ActiveCfg = Debug|Any CPU
		{C90285E7-B6A9-4100-9D9A-51D0023765E0}.Debug|Any CPU.Build.0 = Debug|Any CPU
		{C90285E7-B6A9-4100-9D9A-51D0023765E0}.Release|Any CPU.ActiveCfg = Release|Any CPU
		{C90285E7-B6A9-4100-9D9A-51D0023765E0}.Release|Any CPU.Build.0 = Release|Any CPU
		{F08A48B1-BD8E-467C-9583-24F0226EA56A}.Debug|Any CPU.ActiveCfg = Debug|Any CPU
		{F08A48B1-BD8E-467C-9583-24F0226EA56A}.Debug|Any CPU.Build.0 = Debug|Any CPU
		{F08A48B1-BD8E-467C-9583-24F0226EA56A}.Release|Any CPU.ActiveCfg = Release|Any CPU
		{F08A48B1-BD8E-467C-9583-24F0226EA56A}.Release|Any CPU.Build.0 = Release|Any CPU
		{0460A937-0812-41CD-BAC4-CCF12F9B77DF}.Debug|Any CPU.ActiveCfg = Debug|Any CPU
		{0460A937-0812-41CD-BAC4-CCF12F9B77DF}.Debug|Any CPU.Build.0 = Debug|Any CPU
		{0460A937-0812-41CD-BAC4-CCF12F9B77DF}.Release|Any CPU.ActiveCfg = Release|Any CPU
		{0460A937-0812-41CD-BAC4-CCF12F9B77DF}.Release|Any CPU.Build.0 = Release|Any CPU
		{CE8F2E52-A01D-4079-88C7-8A6D401AA97D}.Debug|Any CPU.ActiveCfg = Debug|Any CPU
		{CE8F2E52-A01D-4079-88C7-8A6D401AA97D}.Debug|Any CPU.Build.0 = Debug|Any CPU
		{CE8F2E52-A01D-4079-88C7-8A6D401AA97D}.Release|Any CPU.ActiveCfg = Release|Any CPU
		{CE8F2E52-A01D-4079-88C7-8A6D401AA97D}.Release|Any CPU.Build.0 = Release|Any CPU
		{34DB1DB5-E81D-460F-980B-772445F7081B}.Debug|Any CPU.ActiveCfg = Debug|Any CPU
		{34DB1DB5-E81D-460F-980B-772445F7081B}.Debug|Any CPU.Build.0 = Debug|Any CPU
		{34DB1DB5-E81D-460F-980B-772445F7081B}.Release|Any CPU.ActiveCfg = Release|Any CPU
		{34DB1DB5-E81D-460F-980B-772445F7081B}.Release|Any CPU.Build.0 = Release|Any CPU
		{0E740F25-A9F1-4D75-9F94-8662BE414EC3}.Debug|Any CPU.ActiveCfg = Debug|Any CPU
		{0E740F25-A9F1-4D75-9F94-8662BE414EC3}.Debug|Any CPU.Build.0 = Debug|Any CPU
		{0E740F25-A9F1-4D75-9F94-8662BE414EC3}.Release|Any CPU.ActiveCfg = Release|Any CPU
		{0E740F25-A9F1-4D75-9F94-8662BE414EC3}.Release|Any CPU.Build.0 = Release|Any CPU
		{AA91AF56-51C2-4842-9F0A-B8E6863569F2}.Debug|Any CPU.ActiveCfg = Debug|Any CPU
		{AA91AF56-51C2-4842-9F0A-B8E6863569F2}.Debug|Any CPU.Build.0 = Debug|Any CPU
		{AA91AF56-51C2-4842-9F0A-B8E6863569F2}.Release|Any CPU.ActiveCfg = Release|Any CPU
		{AA91AF56-51C2-4842-9F0A-B8E6863569F2}.Release|Any CPU.Build.0 = Release|Any CPU
	EndGlobalSection
	GlobalSection(SolutionProperties) = preSolution
		HideSolutionNode = FALSE
	EndGlobalSection
	GlobalSection(NestedProjects) = preSolution
		{0460A937-0812-41CD-BAC4-CCF12F9B77DF} = {02EA681E-C7D8-13C7-8484-4AC65E1B71E8}
		{CE8F2E52-A01D-4079-88C7-8A6D401AA97D} = {02EA681E-C7D8-13C7-8484-4AC65E1B71E8}
		{34DB1DB5-E81D-460F-980B-772445F7081B} = {102358F2-331A-4E54-8D15-E937498C3CA1}
		{0E740F25-A9F1-4D75-9F94-8662BE414EC3} = {102358F2-331A-4E54-8D15-E937498C3CA1}
		{AA91AF56-51C2-4842-9F0A-B8E6863569F2} = {E76F5201-0875-4924-BB9C-3CE3735C9EF7}
	EndGlobalSection
	GlobalSection(ExtensibilityGlobals) = postSolution
		SolutionGuid = {3310AB89-74B2-40EB-8E17-82A5C08980FD}
	EndGlobalSection
EndGlobal
